
Microsoft Visual Studio Solution File, Format Version 12.00
# Visual Studio Version 17
VisualStudioVersion = 17.11.35312.102
MinimumVisualStudioVersion = 10.0.40219.1
Project("{FAE04EC0-301F-11D3-BF4B-00C04F79EFBC}") = "3jsonlab", "3jsonlab\3jsonlab.csproj", "{EB51D529-844B-439F-BBD0-1A0E8078EBAE}"
EndProject
Global
	GlobalSection(SolutionConfigurationPlatforms) = preSolution
		Debug|Any CPU = Debug|Any CPU
		Release|Any CPU = Release|Any CPU
	EndGlobalSection
	GlobalSection(ProjectConfigurationPlatforms) = postSolution
		{EB51D529-844B-439F-BBD0-1A0E8078EBAE}.Debug|Any CPU.ActiveCfg = Debug|Any CPU
		{EB51D529-844B-439F-BBD0-1A0E8078EBAE}.Debug|Any CPU.Build.0 = Debug|Any CPU
		{EB51D529-844B-439F-BBD0-1A0E8078EBAE}.Debug|Any CPU.Deploy.0 = Debug|Any CPU
		{EB51D529-844B-439F-BBD0-1A0E8078EBAE}.Release|Any CPU.ActiveCfg = Release|Any CPU
		{EB51D529-844B-439F-BBD0-1A0E8078EBAE}.Release|Any CPU.Build.0 = Release|Any CPU
		{EB51D529-844B-439F-BBD0-1A0E8078EBAE}.Release|Any CPU.Deploy.0 = Release|Any CPU
	EndGlobalSection
	GlobalSection(SolutionProperties) = preSolution
		HideSolutionNode = FALSE
	EndGlobalSection
	GlobalSection(ExtensibilityGlobals) = postSolution
		SolutionGuid = {73DD184A-C2C1-4B4B-94B7-5F2D2915DFFA}
	EndGlobalSection
EndGlobal
